
Microsoft Visual Studio Solution File, Format Version 12.00
# Visual Studio 2013
VisualStudioVersion = 12.0.21204.0
MinimumVisualStudioVersion = 10.0.40219.1
Project("{E24C65DC-7377-472B-9ABA-BC803B73C61A}") = "azure-wwwroot(1)", "http://localhost:58518", "{7B6F335B-074C-48F8-BEC6-E37DB846BD8B}"
	ProjectSection(WebsiteProperties) = preProject
		UseIISExpress = "true"
		TargetFrameworkMoniker = ".NETFramework,Version%3Dv4.0"
		Debug.AspNetCompiler.VirtualPath = "/localhost_58518"
		Debug.AspNetCompiler.PhysicalPath = "..\azure-wwwroot\"
		Debug.AspNetCompiler.TargetPath = "PrecompiledWeb\localhost_58518\"
		Debug.AspNetCompiler.Updateable = "true"
		Debug.AspNetCompiler.ForceOverwrite = "true"
		Debug.AspNetCompiler.FixedNames = "false"
		Debug.AspNetCompiler.Debug = "True"
		Release.AspNetCompiler.VirtualPath = "/localhost_58518"
		Release.AspNetCompiler.PhysicalPath = "..\azure-wwwroot\"
		Release.AspNetCompiler.TargetPath = "PrecompiledWeb\localhost_58518\"
		Release.AspNetCompiler.Updateable = "true"
		Release.AspNetCompiler.ForceOverwrite = "true"
		Release.AspNetCompiler.FixedNames = "false"
		Release.AspNetCompiler.Debug = "False"
		SlnRelativePath = "..\azure-wwwroot\"
	EndProjectSection
EndProject
Global
	GlobalSection(SolutionConfigurationPlatforms) = preSolution
		Debug|Any CPU = Debug|Any CPU
	EndGlobalSection
	GlobalSection(ProjectConfigurationPlatforms) = postSolution
		{7B6F335B-074C-48F8-BEC6-E37DB846BD8B}.Debug|Any CPU.ActiveCfg = Debug|Any CPU
		{7B6F335B-074C-48F8-BEC6-E37DB846BD8B}.Debug|Any CPU.Build.0 = Debug|Any CPU
	EndGlobalSection
	GlobalSection(SolutionProperties) = preSolution
		HideSolutionNode = FALSE
	EndGlobalSection
EndGlobal
